
Microsoft Visual Studio Solution File, Format Version 12.00
# Visual Studio Version 17
VisualStudioVersion = 17.2.32602.215
MinimumVisualStudioVersion = 10.0.40219.1
Project("{FAE04EC0-301F-11D3-BF4B-00C04F79EFBC}") = "WindowsFormsApp1", "WindowsFormsApp1\WindowsFormsApp1.csproj", "{A38A84B2-41D9-43AD-ACCF-B1DB067E6845}"
EndProject
Global
	GlobalSection(SolutionConfigurationPlatforms) = preSolution
		Debug|Any CPU = Debug|Any CPU
		Release|Any CPU = Release|Any CPU
	EndGlobalSection
	GlobalSection(ProjectConfigurationPlatforms) = postSolution
		{A38A84B2-41D9-43AD-ACCF-B1DB067E6845}.Debug|Any CPU.ActiveCfg = Debug|Any CPU
		{A38A84B2-41D9-43AD-ACCF-B1DB067E6845}.Debug|Any CPU.Build.0 = Debug|Any CPU
		{A38A84B2-41D9-43AD-ACCF-B1DB067E6845}.Release|Any CPU.ActiveCfg = Release|Any CPU
		{A38A84B2-41D9-43AD-ACCF-B1DB067E6845}.Release|Any CPU.Build.0 = Release|Any CPU
	EndGlobalSection
	GlobalSection(SolutionProperties) = preSolution
		HideSolutionNode = FALSE
	EndGlobalSection
	GlobalSection(ExtensibilityGlobals) = postSolution
		SolutionGuid = {7DD69060-BD12-4104-836E-7F4E7AF651B9}
	EndGlobalSection
EndGlobal
